Microsoft Visual Studio Solution File, Format Version 12.00
# Visual Studio Version 17
VisualStudioVersion = 17.5.2.0
MinimumVisualStudioVersion = 10.0.40219.1
Project("{2150E333-8FDC-42A3-9474-1A3956D46DE8}") = "revamp-winforms", "revamp-winforms", "{CF658B9B-BADB-1717-7103-C5081B4D1273}"
EndProject
Project("{FAE04EC0-301F-11D3-BF4B-00C04F79EFBC}") = "EazyRentRevamp", "revamp-winforms\EazyRentRevamp.csproj", "{19A623FE-C14B-A7A1-6EAD-7BF1964D12E8}"
EndProject
Global
	GlobalSection(SolutionConfigurationPlatforms) = preSolution
		Debug|Any CPU = Debug|Any CPU
		Release|Any CPU = Release|Any CPU
	EndGlobalSection
	GlobalSection(ProjectConfigurationPlatforms) = postSolution
		{19A623FE-C14B-A7A1-6EAD-7BF1964D12E8}.Debug|Any CPU.ActiveCfg = Debug|Any CPU
		{19A623FE-C14B-A7A1-6EAD-7BF1964D12E8}.Debug|Any CPU.Build.0 = Debug|Any CPU
		{19A623FE-C14B-A7A1-6EAD-7BF1964D12E8}.Release|Any CPU.ActiveCfg = Release|Any CPU
		{19A623FE-C14B-A7A1-6EAD-7BF1964D12E8}.Release|Any CPU.Build.0 = Release|Any CPU
	EndGlobalSection
	GlobalSection(SolutionProperties) = preSolution
		HideSolutionNode = FALSE
	EndGlobalSection
	GlobalSection(NestedProjects) = preSolution
		{19A623FE-C14B-A7A1-6EAD-7BF1964D12E8} = {CF658B9B-BADB-1717-7103-C5081B4D1273}
	EndGlobalSection
	GlobalSection(ExtensibilityGlobals) = postSolution
		SolutionGuid = {C1F6EBB6-E592-42DE-ACC1-706044F6C7AE}
	EndGlobalSection
EndGlobal
